
Microsoft Visual Studio Solution File, Format Version 12.00
# Visual Studio Version 17
VisualStudioVersion = 17.4.33213.308
MinimumVisualStudioVersion = 10.0.40219.1
Project("{9A19103F-16F7-4668-BE54-9A1E7A4F7556}") = "WebApplication1", "WebApplication1\WebApplication1.csproj", "{34FB75D9-078A-45EF-8BA5-7F8397848702}"
EndProject
Project("{9A19103F-16F7-4668-BE54-9A1E7A4F7556}") = "TestProject1", "TestProject1\TestProject1.csproj", "{4999FCBB-89D3-4919-82D0-29538CAD9A8C}"
EndProject
Project("{9A19103F-16F7-4668-BE54-9A1E7A4F7556}") = "ConsoleApp1", "ConsoleApp1\ConsoleApp1.csproj", "{E96AE2C7-F765-46FA-A0A7-191E0E77B2C2}"
EndProject
Global
	GlobalSection(SolutionConfigurationPlatforms) = preSolution
		Debug|Any CPU = Debug|Any CPU
		Release|Any CPU = Release|Any CPU
	EndGlobalSection
	GlobalSection(ProjectConfigurationPlatforms) = postSolution
		{34FB75D9-078A-45EF-8BA5-7F8397848702}.Debug|Any CPU.ActiveCfg = Debug|Any CPU
		{34FB75D9-078A-45EF-8BA5-7F8397848702}.Debug|Any CPU.Build.0 = Debug|Any CPU
		{34FB75D9-078A-45EF-8BA5-7F8397848702}.Release|Any CPU.ActiveCfg = Release|Any CPU
		{34FB75D9-078A-45EF-8BA5-7F8397848702}.Release|Any CPU.Build.0 = Release|Any CPU
		{4999FCBB-89D3-4919-82D0-29538CAD9A8C}.Debug|Any CPU.ActiveCfg = Debug|Any CPU
		{4999FCBB-89D3-4919-82D0-29538CAD9A8C}.Debug|Any CPU.Build.0 = Debug|Any CPU
		{4999FCBB-89D3-4919-82D0-29538CAD9A8C}.Release|Any CPU.ActiveCfg = Release|Any CPU
		{4999FCBB-89D3-4919-82D0-29538CAD9A8C}.Release|Any CPU.Build.0 = Release|Any CPU
		{E96AE2C7-F765-46FA-A0A7-191E0E77B2C2}.Debug|Any CPU.ActiveCfg = Debug|Any CPU
		{E96AE2C7-F765-46FA-A0A7-191E0E77B2C2}.Debug|Any CPU.Build.0 = Debug|Any CPU
		{E96AE2C7-F765-46FA-A0A7-191E0E77B2C2}.Release|Any CPU.ActiveCfg = Release|Any CPU
		{E96AE2C7-F765-46FA-A0A7-191E0E77B2C2}.Release|Any CPU.Build.0 = Release|Any CPU
	EndGlobalSection
	GlobalSection(SolutionProperties) = preSolution
		HideSolutionNode = FALSE
	EndGlobalSection
	GlobalSection(ExtensibilityGlobals) = postSolution
		SolutionGuid = {A668780F-EBC7-405B-8198-442E74453444}
	EndGlobalSection
EndGlobal
